
Microsoft Visual Studio Solution File, Format Version 12.00
# Visual Studio Version 17
VisualStudioVersion = 17.1.32328.378
MinimumVisualStudioVersion = 10.0.40219.1
Project("{FAE04EC0-301F-11D3-BF4B-00C04F79EFBC}") = "ECommerce.Selling", "ECommerce.Selling\ECommerce.Selling.csproj", "{249EA214-4FAE-4719-8E59-B365A8C63FB2}"
EndProject
Project("{FAE04EC0-301F-11D3-BF4B-00C04F79EFBC}") = "ECommerce.Selling.Models", "ECommerce.Selling.Models\ECommerce.Selling.Models.csproj", "{31F4C836-DA75-4FBC-9A7F-DE4E42ADFD38}"
EndProject
Project("{FAE04EC0-301F-11D3-BF4B-00C04F79EFBC}") = "ECommerce.Selling.DataAccess", "ECommerce.Selling.DataAccess\ECommerce.Selling.DataAccess.csproj", "{1AA7AA6B-5EEE-4EC6-9619-02267F202F5B}"
EndProject
Global
	GlobalSection(SolutionConfigurationPlatforms) = preSolution
		Debug|Any CPU = Debug|Any CPU
		Release|Any CPU = Release|Any CPU
	EndGlobalSection
	GlobalSection(ProjectConfigurationPlatforms) = postSolution
		{249EA214-4FAE-4719-8E59-B365A8C63FB2}.Debug|Any CPU.ActiveCfg = Debug|Any CPU
		{249EA214-4FAE-4719-8E59-B365A8C63FB2}.Debug|Any CPU.Build.0 = Debug|Any CPU
		{249EA214-4FAE-4719-8E59-B365A8C63FB2}.Release|Any CPU.ActiveCfg = Release|Any CPU
		{249EA214-4FAE-4719-8E59-B365A8C63FB2}.Release|Any CPU.Build.0 = Release|Any CPU
		{31F4C836-DA75-4FBC-9A7F-DE4E42ADFD38}.Debug|Any CPU.ActiveCfg = Debug|Any CPU
		{31F4C836-DA75-4FBC-9A7F-DE4E42ADFD38}.Debug|Any CPU.Build.0 = Debug|Any CPU
		{31F4C836-DA75-4FBC-9A7F-DE4E42ADFD38}.Release|Any CPU.ActiveCfg = Release|Any CPU
		{31F4C836-DA75-4FBC-9A7F-DE4E42ADFD38}.Release|Any CPU.Build.0 = Release|Any CPU
		{1AA7AA6B-5EEE-4EC6-9619-02267F202F5B}.Debug|Any CPU.ActiveCfg = Debug|Any CPU
		{1AA7AA6B-5EEE-4EC6-9619-02267F202F5B}.Debug|Any CPU.Build.0 = Debug|Any CPU
		{1AA7AA6B-5EEE-4EC6-9619-02267F202F5B}.Release|Any CPU.ActiveCfg = Release|Any CPU
		{1AA7AA6B-5EEE-4EC6-9619-02267F202F5B}.Release|Any CPU.Build.0 = Release|Any CPU
	EndGlobalSection
	GlobalSection(SolutionProperties) = preSolution
		HideSolutionNode = FALSE
	EndGlobalSection
	GlobalSection(ExtensibilityGlobals) = postSolution
		SolutionGuid = {19DF9709-1CB8-4019-BB00-6CBA350A92D5}
	EndGlobalSection
EndGlobal
